
Microsoft Visual Studio Solution File, Format Version 12.00
# Visual Studio Version 17
VisualStudioVersion = 17.4.33122.133
MinimumVisualStudioVersion = 10.0.40219.1
Project("{FAE04EC0-301F-11D3-BF4B-00C04F79EFBC}") = "ProductDetails", "ProductDetails.csproj", "{77F52617-4A33-4E62-BA54-01E358D7416C}"
EndProject
Global
	GlobalSection(SolutionConfigurationPlatforms) = preSolution
		Debug|Any CPU = Debug|Any CPU
		Release|Any CPU = Release|Any CPU
	EndGlobalSection
	GlobalSection(ProjectConfigurationPlatforms) = postSolution
		{77F52617-4A33-4E62-BA54-01E358D7416C}.Debug|Any CPU.ActiveCfg = Debug|Any CPU
		{77F52617-4A33-4E62-BA54-01E358D7416C}.Debug|Any CPU.Build.0 = Debug|Any CPU
		{77F52617-4A33-4E62-BA54-01E358D7416C}.Release|Any CPU.ActiveCfg = Release|Any CPU
		{77F52617-4A33-4E62-BA54-01E358D7416C}.Release|Any CPU.Build.0 = Release|Any CPU
	EndGlobalSection
	GlobalSection(SolutionProperties) = preSolution
		HideSolutionNode = FALSE
	EndGlobalSection
	GlobalSection(ExtensibilityGlobals) = postSolution
		SolutionGuid = {B650E021-B895-4F30-80FB-4367B17CAD32}
	EndGlobalSection
EndGlobal
